github.com/JeffLiang2018/go-submodules/events v0.0.4 h1:kmKFAIIbFTV2Y3uvbPoH4Jqj4OYpoka8BqPt1vUsF4c=
github.com/JeffLiang2018/go-submodules/events v0.0.4/go.mod h1:bt1VBcXP/x+Ax/pRGxaENQWWKLK3c99MAglBuHupBH0=
github.com/JeffLiang2018/go-submodules/ipcMsg v0.0.1 h1:OiVQfsbkydHejR4DGfdhnAkRaah+NuL5P8pVrwQy6Pg=
github.com/JeffLiang2018/go-submodules/ipcMsg v0.0.1/go.mod h1:xYcZYFw9oLfoEZIvH7L8AmAwNuqAd2MzfRyfqQoSBCE=
